// !$*UTF8*$!
{
	archiveVersion = 1;
	classes = {
	};
	objectVersion = 50;
	objects = {

/* Begin PBXBuildFile section */
		F2B49A6B28A7D42600ED34BC /* AppDelegate.swift in Sources */ = {isa = PBXBuildFile; fileRef = F2B49A6A28A7D42600ED34BC /* AppDelegate.swift */; };
		F2B49A6D28A7D42600ED34BC /* SceneDelegate.swift in Sources */ = {isa = PBXBuildFile; fileRef = F2B49A6C28A7D42600ED34BC /* SceneDelegate.swift */; };
		F2B49A6F28A7D42600ED34BC /* ViewController.swift in Sources */ = {isa = PBXBuildFile; fileRef = F2B49A6E28A7D42600ED34BC /* ViewController.swift */; };
		F2B49A7228A7D42600ED34BC /* Main.storyboard in Resources */ = {isa = PBXBuildFile; fileRef = F2B49A7028A7D42600ED34BC /* Main.storyboard */; };
		F2B49A7428A7D42700ED34BC /* Assets.xcassets in Resources */ = {isa = PBXBuildFile; fileRef = F2B49A7328A7D42700ED34BC /* Assets.xcassets */; };
		F2B49A7728A7D42700ED34BC /* LaunchScreen.storyboard in Resources */ = {isa = PBXBuildFile; fileRef = F2B49A7528A7D42700ED34BC /* LaunchScreen.storyboard */; };
		F2B49A7F28A7D5C300ED34BC /* ezgif-4-ec7e303929.gif in Resources */ = {isa = PBXBuildFile; fileRef = F2B49A7E28A7D5C300ED34BC /* ezgif-4-ec7e303929.gif */; };
		F2B49A8128A7D6A900ED34BC /* gif.loader.swift in Sources */ = {isa = PBXBuildFile; fileRef = F2B49A8028A7D6A900ED34BC /* gif.loader.swift */; };
/* End PBXBuildFile section */

/* Begin PBXFileReference section */
		F2B49A6728A7D42600ED34BC /* catchThanosGame.app */ = {isa = PBXFileReference; explicitFileType = wrapper.application; includeInIndex = 0; path = catchThanosGame.app; sourceTree = BUILT_PRODUCTS_DIR; };
		F2B49A6A28A7D42600ED34BC /* AppDelegate.swift */ = {isa = PBXFileReference; lastKnownFileType = sourcecode.swift; path = AppDelegate.swift; sourceTree = "<group>"; };
		F2B49A6C28A7D42600ED34BC /* SceneDelegate.swift */ = {isa = PBXFileReference; lastKnownFileType = sourcecode.swift; path = SceneDelegate.swift; sourceTree = "<group>"; };
		F2B49A6E28A7D42600ED34BC /* ViewController.swift */ = {isa = PBXFileReference; lastKnownFileType = sourcecode.swift; path = ViewController.swift; sourceTree = "<group>"; };
		F2B49A7128A7D42600ED34BC /* Base */ = {isa = PBXFileReference; lastKnownFileType = file.storyboard; name = Base; path = Base.lproj/Main.storyboard; sourceTree = "<group>"; };
		F2B49A7328A7D42700ED34BC /* Assets.xcassets */ = {isa = PBXFileReference; lastKnownFileType = folder.assetcatalog; path = Assets.xcassets; sourceTree = "<group>"; };
		F2B49A7628A7D42700ED34BC /* Base */ = {isa = PBXFileReference; lastKnownFileType = file.storyboard; name = Base; path = Base.lproj/LaunchScreen.storyboard; sourceTree = "<group>"; };
		F2B49A7828A7D42700ED34BC /* Info.plist */ = {isa = PBXFileReference; lastKnownFileType = text.plist.xml; path = Info.plist; sourceTree = "<group>"; };
		F2B49A7E28A7D5C300ED34BC /* ezgif-4-ec7e303929.gif */ = {isa = PBXFileReference; lastKnownFileType = image.gif; path = "ezgif-4-ec7e303929.gif"; sourceTree = "<group>"; };
		F2B49A8028A7D6A900ED34BC /* gif.loader.swift */ = {isa = PBXFileReference; lastKnownFileType = sourcecode.swift; path = gif.loader.swift; sourceTree = "<group>"; };
/* End PBXFileReference section */

/* Begin PBXFrameworksBuildPhase section */
		F2B49A6428A7D42600ED34BC /* Frameworks */ = {
			isa = PBXFrameworksBuildPhase;
			buildActionMask = 2147483647;
			files = (
			);
			runOnlyForDeploymentPostprocessing = 0;
		};
/* End PBXFrameworksBuildPhase section */

/* Begin PBXGroup section */
		F2B49A5E28A7D42600ED34BC = {
			isa = PBXGroup;
			children = (
				F2B49A6928A7D42600ED34BC /* catchThanosGame */,
				F2B49A6828A7D42600ED34BC /* Products */,
			);
			sourceTree = "<group>";
		};
		F2B49A6828A7D42600ED34BC /* Products */ = {
			isa = PBXGroup;
			children = (
				F2B49A6728A7D42600ED34BC /* catchThanosGame.app */,
			);
			name = Products;
			sourceTree = "<group>";
		};
		F2B49A6928A7D42600ED34BC /* catchThanosGame */ = {
			isa = PBXGroup;
			children = (
				F2B49A6A28A7D42600ED34BC /* AppDelegate.swift */,
				F2B49A6C28A7D42600ED34BC /* SceneDelegate.swift */,
				F2B49A6E28A7D42600ED34BC /* ViewController.swift */,
				F2B49A8028A7D6A900ED34BC /* gif.loader.swift */,
				F2B49A7028A7D42600ED34BC /* Main.storyboard */,
				F2B49A7E28A7D5C300ED34BC /* ezgif-4-ec7e303929.gif */,
				F2B49A7328A7D42700ED34BC /* Assets.xcassets */,
				F2B49A7528A7D42700ED34BC /* LaunchScreen.storyboard */,
				F2B49A7828A7D42700ED34BC /* Info.plist */,
			);
			path = catchThanosGame;
			sourceTree = "<group>";
		};
/* End PBXGroup section */

/* Begin PBXNativeTarget section */
		F2B49A6628A7D42600ED34BC /* catchThanosGame */ = {
			isa = PBXNativeTarget;
			buildConfigurationList = F2B49A7B28A7D42700ED34BC /* Build configuration list for PBXNativeTarget "catchThanosGame" */;
			buildPhases = (
				F2B49A6328A7D42600ED34BC /* Sources */,
				F2B49A6428A7D42600ED34BC /* Frameworks */,
				F2B49A6528A7D42600ED34BC /* Resources */,
			);
			buildRules = (
			);
			dependencies = (
			);
			name = catchThanosGame;
			productName = catchThanosGame;
			productReference = F2B49A6728A7D42600ED34BC /* catchThanosGame.app */;
			productType = "com.apple.product-type.application";
		};
/* End PBXNativeTarget section */

/* Begin PBXProject section */
		F2B49A5F28A7D42600ED34BC /* Project object */ = {
			isa = PBXProject;
			attributes = {
				LastSwiftUpdateCheck = 1250;
				LastUpgradeCheck = 1250;
				TargetAttributes = {
					F2B49A6628A7D42600ED34BC = {
						CreatedOnToolsVersion = 12.5.1;
					};
				};
			};
			buildConfigurationList = F2B49A6228A7D42600ED34BC /* Build configuration list for PBXProject "catchThanosGame" */;
			compatibilityVersion = "Xcode 9.3";
			developmentRegion = en;
			hasScannedForEncodings = 0;
			knownRegions = (
				en,
				Base,
			);
			mainGroup = F2B49A5E28A7D42600ED34BC;
			productRefGroup = F2B49A6828A7D42600ED34BC /* Products */;
			projectDirPath = "";
			projectRoot = "";
			targets = (
				F2B49A6628A7D42600ED34BC /* catchThanosGame */,
			);
		};
/* End PBXProject section */

/* Begin PBXResourcesBuildPhase section */
		F2B49A6528A7D42600ED34BC /* Resources */ = {
			isa = PBXResourcesBuildPhase;
			buildActionMask = 2147483647;
			files = (
				F2B49A7728A7D42700ED34BC /* LaunchScreen.storyboard in Resources */,
				F2B49A7428A7D42700ED34BC /* Assets.xcassets in Resources */,
				F2B49A7228A7D42600ED34BC /* Main.storyboard in Resources */,
				F2B49A7F28A7D5C300ED34BC /* ezgif-4-ec7e303929.gif in Resources */,
			);
			runOnlyForDeploymentPostprocessing = 0;
		};
/* End PBXResourcesBuildPhase section */

/* Begin PBXSourcesBuildPhase section */
		F2B49A6328A7D42600ED34BC /* Sources */ = {
			isa = PBXSourcesBuildPhase;
			buildActionMask = 2147483647;
			files = (
				F2B49A6F28A7D42600ED34BC /* ViewController.swift in Sources */,
				F2B49A6B28A7D42600ED34BC /* AppDelegate.swift in Sources */,
				F2B49A8128A7D6A900ED34BC /* gif.loader.swift in Sources */,
				F2B49A6D28A7D42600ED34BC /* SceneDelegate.swift in Sources */,
			);
			runOnlyForDeploymentPostprocessing = 0;
		};
/* End PBXSourcesBuildPhase section */

/* Begin PBXVariantGroup section */
		F2B49A7028A7D42600ED34BC /* Main.storyboard */ = {
			isa = PBXVariantGroup;
			children = (
				F2B49A7128A7D42600ED34BC /* Base */,
			);
			name = Main.storyboard;
			sourceTree = "<group>";
		};
		F2B49A7528A7D42700ED34BC /* LaunchScreen.storyboard */ = {
			isa = PBXVariantGroup;
			children = (
				F2B49A7628A7D42700ED34BC /* Base */,
			);
			name = LaunchScreen.storyboard;
			sourceTree = "<group>";
		};
/* End PBXVariantGroup section */

/* Begin XCBuildConfiguration section */
		F2B49A7928A7D42700ED34BC /* Debug */ = {
			isa = XCBuildConfiguration;
			buildSettings = {
				ALWAYS_SEARCH_USER_PATHS = NO;
				CLANG_ANALYZER_NONNULL = YES;
				CLANG_ANALYZER_NUMBER_OBJECT_CONVERSION = YES_AGGRESSIVE;
				CLANG_CXX_LANGUAGE_STANDARD = "gnu++14";
				CLANG_CXX_LIBRARY = "libc++";
				CLANG_ENABLE_MODULES = YES;
				CLANG_ENABLE_OBJC_ARC = YES;
				CLANG_ENABLE_OBJC_WEAK = YES;
				CLANG_WARN_BLOCK_CAPTURE_AUTORELEASING = YES;
				CLANG_WARN_BOOL_CONVERSION = YES;
				CLANG_WARN_COMMA = YES;
				CLANG_WARN_CONSTANT_CONVERSION = YES;
				CLANG_WARN_DEPRECATED_OBJC_IMPLEMENTATIONS = YES;
				CLANG_WARN_DIRECT_OBJC_ISA_USAGE = YES_ERROR;
				CLANG_WARN_DOCUMENTATION_COMMENTS = YES;
				CLANG_WARN_EMPTY_BODY = YES;
				CLANG_WARN_ENUM_CONVERSION = YES;
				CLANG_WARN_INFINITE_RECURSION = YES;
				CLANG_WARN_INT_CONVERSION = YES;
				CLANG_WARN_NON_LITERAL_NULL_CONVERSION = YES;
				CLANG_WARN_OBJC_IMPLICIT_RETAIN_SELF = YES;
				CLANG_WARN_OBJC_LITERAL_CONVERSION = YES;
				CLANG_WARN_OBJC_ROOT_CLASS = YES_ERROR;
				CLANG_WARN_QUOTED_INCLUDE_IN_FRAMEWORK_HEADER = YES;
				CLANG_WARN_RANGE_LOOP_ANALYSIS = YES;
				CLANG_WARN_STRICT_PROTOTYPES = YES;
				CLANG_WARN_SUSPICIOUS_MOVE = YES;
				CLANG_WARN_UNGUARDED_AVAILABILITY = YES_AGGRESSIVE;
				CLANG_WARN_UNREACHABLE_CODE = YES;
				CLANG_WARN__DUPLICATE_METHOD_MATCH = YES;
				COPY_PHASE_STRIP = NO;
				DEBUG_INFORMATION_FORMAT = dwarf;
				ENABLE_STRICT_OBJC_MSGSEND = YES;
				ENABLE_TESTABILITY = YES;
				GCC_C_LANGUAGE_STANDARD = gnu11;
				GCC_DYNAMIC_NO_PIC = NO;
				GCC_NO_COMMON_BLOCKS = YES;
				GCC_OPTIMIZATION_LEVEL = 0;
				GCC_PREPROCESSOR_DEFINITIONS = (
					"DEBUG=1",
					"$(inherited)",
				);
				GCC_WARN_64_TO_32_BIT_CONVERSION = YES;
				GCC_WARN_ABOUT_RETURN_TYPE = YES_ERROR;
				GCC_WARN_UNDECLARED_SELECTOR = YES;
				GCC_WARN_UNINITIALIZED_AUTOS = YES_AGGRESSIVE;
				GCC_WARN_UNUSED_FUNCTION = YES;
				GCC_WARN_UNUSED_VARIABLE = YES;
				IPHONEOS_DEPLOYMENT_TARGET = 14.5;
				MTL_ENABLE_DEBUG_INFO = INCLUDE_SOURCE;
				MTL_FAST_MATH = YES;
				ONLY_ACTIVE_ARCH = YES;
				SDKROOT = iphoneos;
				SWIFT_ACTIVE_COMPILATION_CONDITIONS = DEBUG;
				SWIFT_OPTIMIZATION_LEVEL = "-Onone";
			};
			name = Debug;
		};
		F2B49A7A28A7D42700ED34BC /* Release */ = {
			isa = XCBuildConfiguration;
			buildSettings = {
				ALWAYS_SEARCH_USER_PATHS = NO;
				CLANG_ANALYZER_NONNULL = YES;
				CLANG_ANALYZER_NUMBER_OBJECT_CONVERSION = YES_AGGRESSIVE;
				CLANG_CXX_LANGUAGE_STANDARD = "gnu++14";
				CLANG_CXX_LIBRARY = "libc++";
				CLANG_ENABLE_MODULES = YES;
				CLANG_ENABLE_OBJC_ARC = YES;
				CLANG_ENABLE_OBJC_WEAK = YES;
				CLANG_WARN_BLOCK_CAPTURE_AUTORELEASING = YES;
				CLANG_WARN_BOOL_CONVERSION = YES;
				CLANG_WARN_COMMA = YES;
				CLANG_WARN_CONSTANT_CONVERSION = YES;
				CLANG_WARN_DEPRECATED_OBJC_IMPLEMENTATIONS = YES;
				CLANG_WARN_DIRECT_OBJC_ISA_USAGE = YES_ERROR;
				CLANG_WARN_DOCUMENTATION_COMMENTS = YES;
				CLANG_WARN_EMPTY_BODY = YES;
				CLANG_WARN_ENUM_CONVERSION = YES;
				CLANG_WARN_INFINITE_RECURSION = YES;
				CLANG_WARN_INT_CONVERSION = YES;
				CLANG_WARN_NON_LITERAL_NULL_CONVERSION = YES;
				CLANG_WARN_OBJC_IMPLICIT_RETAIN_SELF = YES;
				CLANG_WARN_OBJC_LITERAL_CONVERSION = YES;
				CLANG_WARN_OBJC_ROOT_CLASS = YES_ERROR;
				CLANG_WARN_QUOTED_INCLUDE_IN_FRAMEWORK_HEADER = YES;
				CLANG_WARN_RANGE_LOOP_ANALYSIS = YES;
				CLANG_WARN_STRICT_PROTOTYPES = YES;
				CLANG_WARN_SUSPICIOUS_MOVE = YES;
				CLANG_WARN_UNGUARDED_AVAILABILITY = YES_AGGRESSIVE;
				CLANG_WARN_UNREACHABLE_CODE = YES;
				CLANG_WARN__DUPLICATE_METHOD_MATCH = YES;
				COPY_PHASE_STRIP = NO;
				DEBUG_INFORMATION_FORMAT = "dwarf-with-dsym";
				ENABLE_NS_ASSERTIONS = NO;
				ENABLE_STRICT_OBJC_MSGSEND = YES;
				GCC_C_LANGUAGE_STANDARD = gnu11;
				GCC_NO_COMMON_BLOCKS = YES;
				GCC_WARN_64_TO_32_BIT_CONVERSION = YES;
				GCC_WARN_ABOUT_RETURN_TYPE = YES_ERROR;
				GCC_WARN_UNDECLARED_SELECTOR = YES;
				GCC_WARN_UNINITIALIZED_AUTOS = YES_AGGRESSIVE;
				GCC_WARN_UNUSED_FUNCTION = YES;
				GCC_WARN_UNUSED_VARIABLE = YES;
				IPHONEOS_DEPLOYMENT_TARGET = 14.5;
				MTL_ENABLE_DEBUG_INFO = NO;
				MTL_FAST_MATH = YES;
				SDKROOT = iphoneos;
				SWIFT_COMPILATION_MODE = wholemodule;
				SWIFT_OPTIMIZATION_LEVEL = "-O";
				VALIDATE_PRODUCT = YES;
			};
			name = Release;
		};
		F2B49A7C28A7D42700ED34BC /* Debug */ = {
			isa = XCBuildConfiguration;
			buildSettings = {
				ASSETCATALOG_COMPILER_APPICON_NAME = AppIcon;
				ASSETCATALOG_COMPILER_GLOBAL_ACCENT_COLOR_NAME = AccentColor;
				CODE_SIGN_STYLE = Automatic;
				DEVELOPMENT_TEAM = ZVK2KSBTS4;
				INFOPLIST_FILE = catchThanosGame/Info.plist;
				LD_RUNPATH_SEARCH_PATHS = (
					"$(inherited)",
					"@executable_path/Frameworks",
				);
				PRODUCT_BUNDLE_IDENTIFIER = com.handeerdal.catchThanosGame;
				PRODUCT_NAME = "$(TARGET_NAME)";
				SWIFT_VERSION = 5.0;
				TARGETED_DEVICE_FAMILY = "1,2";
			};
			name = Debug;
		};
		F2B49A7D28A7D42700ED34BC /* Release */ = {
			isa = XCBuildConfiguration;
			buildSettings = {
				ASSETCATALOG_COMPILER_APPICON_NAME = AppIcon;
				ASSETCATALOG_COMPILER_GLOBAL_ACCENT_COLOR_NAME = AccentColor;
				CODE_SIGN_STYLE = Automatic;
				DEVELOPMENT_TEAM = ZVK2KSBTS4;
				INFOPLIST_FILE = catchThanosGame/Info.plist;
				LD_RUNPATH_SEARCH_PATHS = (
					"$(inherited)",
					"@executable_path/Frameworks",
				);
				PRODUCT_BUNDLE_IDENTIFIER = com.handeerdal.catchThanosGame;
				PRODUCT_NAME = "$(TARGET_NAME)";
				SWIFT_VERSION = 5.0;
				TARGETED_DEVICE_FAMILY = "1,2";
			};
			name = Release;
		};
/* End XCBuildConfiguration section */

/* Begin XCConfigurationList section */
		F2B49A6228A7D42600ED34BC /* Build configuration list for PBXProject "catchThanosGame" */ = {
			isa = XCConfigurationList;
			buildConfigurations = (
				F2B49A7928A7D42700ED34BC /* Debug */,
				F2B49A7A28A7D42700ED34BC /* Release */,
			);
			defaultConfigurationIsVisible = 0;
			defaultConfigurationName = Release;
		};
		F2B49A7B28A7D42700ED34BC /* Build configuration list for PBXNativeTarget "catchThanosGame" */ = {
			isa = XCConfigurationList;
			buildConfigurations = (
				F2B49A7C28A7D42700ED34BC /* Debug */,
				F2B49A7D28A7D42700ED34BC /* Release */,
			);
			defaultConfigurationIsVisible = 0;
			defaultConfigurationName = Release;
		};
/* End XCConfigurationList section */
	};
	rootObject = F2B49A5F28A7D42600ED34BC /* Project object */;
}
